
Microsoft Visual Studio Solution File, Format Version 11.00
# Visual Studio 2010
# SharpDevelop 4.4
Project("{FAE04EC0-301F-11D3-BF4B-00C04F79EFBC}") = "Password Storage", "Password Storage\Password Storage.csproj", "{95DAE31A-2307-422E-8D05-82069EC83386}"
EndProject
Global
	GlobalSection(SolutionConfigurationPlatforms) = preSolution
		Debug|Any CPU = Debug|Any CPU
		Release|Any CPU = Release|Any CPU
	EndGlobalSection
	GlobalSection(ProjectConfigurationPlatforms) = postSolution
		{95DAE31A-2307-422E-8D05-82069EC83386}.Debug|Any CPU.Build.0 = Debug|Any CPU
		{95DAE31A-2307-422E-8D05-82069EC83386}.Debug|Any CPU.ActiveCfg = Debug|Any CPU
		{95DAE31A-2307-422E-8D05-82069EC83386}.Release|Any CPU.Build.0 = Release|Any CPU
		{95DAE31A-2307-422E-8D05-82069EC83386}.Release|Any CPU.ActiveCfg = Release|Any CPU
	EndGlobalSection
EndGlobal
